
Microsoft Visual Studio Solution File, Format Version 12.00
# Visual Studio Version 16
VisualStudioVersion = 16.0.29613.14
MinimumVisualStudioVersion = 10.0.40219.1
Project("{9A19103F-16F7-4668-BE54-9A1E7A4F7556}") = "SearchWpf", "SearchWpf\SearchWpf.csproj", "{77040866-B6C3-4C26-B0C8-AEE9726DFE40}"
EndProject
Project("{FAE04EC0-301F-11D3-BF4B-00C04F79EFBC}") = "NumberOfWordsCounting", "NumberOfWordsCounting\NumberOfWordsCounting.csproj", "{6101932C-B35A-4138-B176-71684825AB1E}"
EndProject
Global
	GlobalSection(SolutionConfigurationPlatforms) = preSolution
		Debug|Any CPU = Debug|Any CPU
		Release|Any CPU = Release|Any CPU
	EndGlobalSection
	GlobalSection(ProjectConfigurationPlatforms) = postSolution
		{77040866-B6C3-4C26-B0C8-AEE9726DFE40}.Debug|Any CPU.ActiveCfg = Debug|Any CPU
		{77040866-B6C3-4C26-B0C8-AEE9726DFE40}.Debug|Any CPU.Build.0 = Debug|Any CPU
		{77040866-B6C3-4C26-B0C8-AEE9726DFE40}.Release|Any CPU.ActiveCfg = Release|Any CPU
		{77040866-B6C3-4C26-B0C8-AEE9726DFE40}.Release|Any CPU.Build.0 = Release|Any CPU
		{6101932C-B35A-4138-B176-71684825AB1E}.Debug|Any CPU.ActiveCfg = Debug|Any CPU
		{6101932C-B35A-4138-B176-71684825AB1E}.Debug|Any CPU.Build.0 = Debug|Any CPU
		{6101932C-B35A-4138-B176-71684825AB1E}.Release|Any CPU.ActiveCfg = Release|Any CPU
		{6101932C-B35A-4138-B176-71684825AB1E}.Release|Any CPU.Build.0 = Release|Any CPU
	EndGlobalSection
	GlobalSection(SolutionProperties) = preSolution
		HideSolutionNode = FALSE
	EndGlobalSection
	GlobalSection(ExtensibilityGlobals) = postSolution
		SolutionGuid = {02BB0A52-78DD-4023-85C8-29ECEE038460}
	EndGlobalSection
EndGlobal
