
Microsoft Visual Studio Solution File, Format Version 12.00
# Visual Studio Version 16
VisualStudioVersion = 16.0.29613.14
MinimumVisualStudioVersion = 10.0.40219.1
Project("{9A19103F-16F7-4668-BE54-9A1E7A4F7556}") = "IrisiMekoLab4", "IrisiMekoLab4.csproj", "{1DC8CA8E-0B17-48F2-ABCC-2BD260AEAF75}"
EndProject
Global
	GlobalSection(SolutionConfigurationPlatforms) = preSolution
		Debug|Any CPU = Debug|Any CPU
		Release|Any CPU = Release|Any CPU
	EndGlobalSection
	GlobalSection(ProjectConfigurationPlatforms) = postSolution
		{1DC8CA8E-0B17-48F2-ABCC-2BD260AEAF75}.Debug|Any CPU.ActiveCfg = Debug|Any CPU
		{1DC8CA8E-0B17-48F2-ABCC-2BD260AEAF75}.Debug|Any CPU.Build.0 = Debug|Any CPU
		{1DC8CA8E-0B17-48F2-ABCC-2BD260AEAF75}.Release|Any CPU.ActiveCfg = Release|Any CPU
		{1DC8CA8E-0B17-48F2-ABCC-2BD260AEAF75}.Release|Any CPU.Build.0 = Release|Any CPU
	EndGlobalSection
	GlobalSection(SolutionProperties) = preSolution
		HideSolutionNode = FALSE
	EndGlobalSection
	GlobalSection(ExtensibilityGlobals) = postSolution
		SolutionGuid = {CB5A5283-03A6-4AA6-B04A-F7BCC2EBCD64}
	EndGlobalSection
EndGlobal
